
Microsoft Visual Studio Solution File, Format Version 12.00
# Visual Studio Version 16
VisualStudioVersion = 16.0.29911.84
MinimumVisualStudioVersion = 10.0.40219.1
Project("{FAE04EC0-301F-11D3-BF4B-00C04F79EFBC}") = "MachineRound3NIVI", "MachineRound3NIVI\MachineRound3NIVI.csproj", "{86DA0288-E13D-41B8-BF7F-D2FE6FFD8C75}"
EndProject
Global
	GlobalSection(SolutionConfigurationPlatforms) = preSolution
		Debug|Any CPU = Debug|Any CPU
		Release|Any CPU = Release|Any CPU
	EndGlobalSection
	GlobalSection(ProjectConfigurationPlatforms) = postSolution
		{86DA0288-E13D-41B8-BF7F-D2FE6FFD8C75}.Debug|Any CPU.ActiveCfg = Debug|Any CPU
		{86DA0288-E13D-41B8-BF7F-D2FE6FFD8C75}.Debug|Any CPU.Build.0 = Debug|Any CPU
		{86DA0288-E13D-41B8-BF7F-D2FE6FFD8C75}.Release|Any CPU.ActiveCfg = Release|Any CPU
		{86DA0288-E13D-41B8-BF7F-D2FE6FFD8C75}.Release|Any CPU.Build.0 = Release|Any CPU
	EndGlobalSection
	GlobalSection(SolutionProperties) = preSolution
		HideSolutionNode = FALSE
	EndGlobalSection
	GlobalSection(ExtensibilityGlobals) = postSolution
		SolutionGuid = {D6C7C1A5-F40B-4C2B-9C13-91DCD1E37968}
	EndGlobalSection
EndGlobal
