
Microsoft Visual Studio Solution File, Format Version 12.00
# Visual Studio Version 16
VisualStudioVersion = 16.0.29911.84
MinimumVisualStudioVersion = 10.0.40219.1
Project("{FAE04EC0-301F-11D3-BF4B-00C04F79EFBC}") = "MVCstudentRegistration", "MVCstudentRegistration\MVCstudentRegistration.csproj", "{5D8E9332-5913-42DD-AA94-9B4F0366B8AD}"
EndProject
Global
	GlobalSection(SolutionConfigurationPlatforms) = preSolution
		Debug|Any CPU = Debug|Any CPU
		Release|Any CPU = Release|Any CPU
	EndGlobalSection
	GlobalSection(ProjectConfigurationPlatforms) = postSolution
		{5D8E9332-5913-42DD-AA94-9B4F0366B8AD}.Debug|Any CPU.ActiveCfg = Debug|Any CPU
		{5D8E9332-5913-42DD-AA94-9B4F0366B8AD}.Debug|Any CPU.Build.0 = Debug|Any CPU
		{5D8E9332-5913-42DD-AA94-9B4F0366B8AD}.Release|Any CPU.ActiveCfg = Release|Any CPU
		{5D8E9332-5913-42DD-AA94-9B4F0366B8AD}.Release|Any CPU.Build.0 = Release|Any CPU
	EndGlobalSection
	GlobalSection(SolutionProperties) = preSolution
		HideSolutionNode = FALSE
	EndGlobalSection
	GlobalSection(ExtensibilityGlobals) = postSolution
		SolutionGuid = {964084CB-20A7-48CE-8460-E396E8A2AE1E}
	EndGlobalSection
EndGlobal
